{
  "version": 4,
  "terraform_version": "1.7.3",
  "serial": 10,
  "lineage": "d72aae4b-4210-bf47-9764-d379afc01872",
  "outputs": {},
  "resources": [
    {
      "mode": "data",
      "type": "aws_eks_cluster",
      "name": "cluster_cert",
      "provider": "provider[\"registry.terraform.io/hashicorp/aws\"]",
      "instances": [
        {
          "schema_version": 0,
          "attributes": {
            "access_config": [
              {
                "authentication_mode": "CONFIG_MAP"
              }
            ],
            "arn": "arn:aws:eks:ap-south-1:292603306378:cluster/final-cluster",
            "certificate_authority": [
              {
                "data": "LS0tLS1CRUdJTiBDRVJUSUZJQ0FURS0tLS0tCk1JSURCVENDQWUyZ0F3SUJBZ0lJWE5jZjlvQmFOVVl3RFFZSktvWklodmNOQVFFTEJRQXdGVEVUTUJFR0ExVUUKQXhNS2EzVmlaWEp1WlhSbGN6QWVGdzB5TkRBeU1Ea3dOalF6TkRWYUZ3MHpOREF5TURZd05qUTRORFZhTUJVeApFekFSQmdOVkJBTVRDbXQxWW1WeWJtVjBaWE13Z2dFaU1BMEdDU3FHU0liM0RRRUJBUVVBQTRJQkR3QXdnZ0VLCkFvSUJBUURTaE91Qlc2SXYrQUd0NVRickVRTDcycDR4TTJBQ3N6UXh0QUpORldNeUEyUkVnUTRHb2RKdXlZR3YKRHFoa3ZOTnFONWhleHBTS3F3SnpoRUNiZUIvZVpwU3owOFVLMFFsUmpjdjVQMnJLcnRIRXY0Um5HVmtMYk9XUgpMUU80ZVdXYWV2T0VoaCtMTjU1S05lamM4OWh0Y2prMWVWU3VlT1NJdW15Q0doM2Y1Vi9QN1U4cGJnY1RiR0R3ClBkS0ZqY1VEclE1UkdLZFJkV2JrdUkzVmUxR2YrZ21EZ1hTbmVxMVlLVFNlQmltSE52NUtHNG9Jak8yeGxKd0EKbVhtZUpFTTZCZmZ5dkl0YzJ6bURBcS9DRnZsUHN6UDdWMVloRVJoVW9RanJ0NlpvTjlwWEorTXlON0lWeWdsMgp6TTZOVE5wWmF4N2tPWDczRnpucDhPWk50d2J6QWdNQkFBR2pXVEJYTUE0R0ExVWREd0VCL3dRRUF3SUNwREFQCkJnTlZIUk1CQWY4RUJUQURBUUgvTUIwR0ExVWREZ1FXQkJUMTlIU0plRFdXdU1TVGJ6TlgwaHZqK1hKbHlUQVYKQmdOVkhSRUVEakFNZ2dwcmRXSmxjbTVsZEdWek1BMEdDU3FHU0liM0RRRUJDd1VBQTRJQkFRQy82RjJFNkZWZQovbWxQNVhWOSs4ZHVIT05FUkhISWlCZGNqcHFScWpoYXFoT0tKQzVxdk1PYnhnTWJYOURMb0lTS053TzZFSGlYCldzblo0NmF4RnFQN0lyMWNKM1M3MkczNXYrOEROQmhZQzdkSFF4OFF1bjhiZVZVVFVlQUNyLzc3d3dHTzFIcmQKM1VnSFhGalJwTUw2RW9Ud2t3RmpROVhkTXphOGgrZW5BQ0NDam1pNGFLbVBtY1pZbDNZd2Q5SjhnWjFwNkMxcwpEN2QwbHpwc0NzWTRvRHlrazhUbStTK3lWSk1hamZ2Y1Q2L1hkSzArbnhjYlBxbXJqN0pRZUtST1R5aUpMMjZECkRFZ2M2T3VCYytpemk3QWV4VmVFOTlya1Bpb3BLUk53RnVmSEJlZGk0c3BQcW41blNmRmR3ZW1vMGJyUEUzYWsKWWt4Uk1GR0R2c20yCi0tLS0tRU5EIENFUlRJRklDQVRFLS0tLS0K"
              }
            ],
            "cluster_id": null,
            "created_at": "2024-02-09 06:43:50.295 +0000 UTC",
            "enabled_cluster_log_types": [],
            "endpoint": "https://D76603E599ADBA780AF53B9CA9E4AF51.yl4.ap-south-1.eks.amazonaws.com",
            "id": "final-cluster",
            "identity": [
              {
                "oidc": [
                  {
                    "issuer": "https://oidc.eks.ap-south-1.amazonaws.com/id/D76603E599ADBA780AF53B9CA9E4AF51"
                  }
                ]
              }
            ],
            "kubernetes_network_config": [
              {
                "ip_family": "ipv4",
                "service_ipv4_cidr": "172.20.0.0/16",
                "service_ipv6_cidr": ""
              }
            ],
            "name": "final-cluster",
            "outpost_config": [],
            "platform_version": "eks.13",
            "role_arn": "arn:aws:iam::292603306378:role/final-eksClusterRole",
            "status": "ACTIVE",
            "tags": {
              "Project": "final"
            },
            "version": "1.25",
            "vpc_config": [
              {
                "cluster_security_group_id": "sg-03f5c632455c0eb80",
                "endpoint_private_access": true,
                "endpoint_public_access": true,
                "public_access_cidrs": [
                  "0.0.0.0/0"
                ],
                "security_group_ids": [
                  "sg-024815b5813af97c0"
                ],
                "subnet_ids": [
                  "subnet-02a37e2d1fcf171f3",
                  "subnet-060b1850928f4c55e",
                  "subnet-091f1523986e54304",
                  "subnet-098e126b5c12fe51e",
                  "subnet-0c38409ee8647437a",
                  "subnet-0f7e0ddf587dda069"
                ],
                "vpc_id": "vpc-036e62aba4dbafcae"
              }
            ]
          },
          "sensitive_attributes": []
        }
      ]
    },
    {
      "mode": "data",
      "type": "aws_eks_cluster",
      "name": "cluster_host",
      "provider": "provider[\"registry.terraform.io/hashicorp/aws\"]",
      "instances": [
        {
          "schema_version": 0,
          "attributes": {
            "access_config": [
              {
                "authentication_mode": "CONFIG_MAP"
              }
            ],
            "arn": "arn:aws:eks:ap-south-1:292603306378:cluster/final-cluster",
            "certificate_authority": [
              {
                "data": "LS0tLS1CRUdJTiBDRVJUSUZJQ0FURS0tLS0tCk1JSURCVENDQWUyZ0F3SUJBZ0lJWE5jZjlvQmFOVVl3RFFZSktvWklodmNOQVFFTEJRQXdGVEVUTUJFR0ExVUUKQXhNS2EzVmlaWEp1WlhSbGN6QWVGdzB5TkRBeU1Ea3dOalF6TkRWYUZ3MHpOREF5TURZd05qUTRORFZhTUJVeApFekFSQmdOVkJBTVRDbXQxWW1WeWJtVjBaWE13Z2dFaU1BMEdDU3FHU0liM0RRRUJBUVVBQTRJQkR3QXdnZ0VLCkFvSUJBUURTaE91Qlc2SXYrQUd0NVRickVRTDcycDR4TTJBQ3N6UXh0QUpORldNeUEyUkVnUTRHb2RKdXlZR3YKRHFoa3ZOTnFONWhleHBTS3F3SnpoRUNiZUIvZVpwU3owOFVLMFFsUmpjdjVQMnJLcnRIRXY0Um5HVmtMYk9XUgpMUU80ZVdXYWV2T0VoaCtMTjU1S05lamM4OWh0Y2prMWVWU3VlT1NJdW15Q0doM2Y1Vi9QN1U4cGJnY1RiR0R3ClBkS0ZqY1VEclE1UkdLZFJkV2JrdUkzVmUxR2YrZ21EZ1hTbmVxMVlLVFNlQmltSE52NUtHNG9Jak8yeGxKd0EKbVhtZUpFTTZCZmZ5dkl0YzJ6bURBcS9DRnZsUHN6UDdWMVloRVJoVW9RanJ0NlpvTjlwWEorTXlON0lWeWdsMgp6TTZOVE5wWmF4N2tPWDczRnpucDhPWk50d2J6QWdNQkFBR2pXVEJYTUE0R0ExVWREd0VCL3dRRUF3SUNwREFQCkJnTlZIUk1CQWY4RUJUQURBUUgvTUIwR0ExVWREZ1FXQkJUMTlIU0plRFdXdU1TVGJ6TlgwaHZqK1hKbHlUQVYKQmdOVkhSRUVEakFNZ2dwcmRXSmxjbTVsZEdWek1BMEdDU3FHU0liM0RRRUJDd1VBQTRJQkFRQy82RjJFNkZWZQovbWxQNVhWOSs4ZHVIT05FUkhISWlCZGNqcHFScWpoYXFoT0tKQzVxdk1PYnhnTWJYOURMb0lTS053TzZFSGlYCldzblo0NmF4RnFQN0lyMWNKM1M3MkczNXYrOEROQmhZQzdkSFF4OFF1bjhiZVZVVFVlQUNyLzc3d3dHTzFIcmQKM1VnSFhGalJwTUw2RW9Ud2t3RmpROVhkTXphOGgrZW5BQ0NDam1pNGFLbVBtY1pZbDNZd2Q5SjhnWjFwNkMxcwpEN2QwbHpwc0NzWTRvRHlrazhUbStTK3lWSk1hamZ2Y1Q2L1hkSzArbnhjYlBxbXJqN0pRZUtST1R5aUpMMjZECkRFZ2M2T3VCYytpemk3QWV4VmVFOTlya1Bpb3BLUk53RnVmSEJlZGk0c3BQcW41blNmRmR3ZW1vMGJyUEUzYWsKWWt4Uk1GR0R2c20yCi0tLS0tRU5EIENFUlRJRklDQVRFLS0tLS0K"
              }
            ],
            "cluster_id": null,
            "created_at": "2024-02-09 06:43:50.295 +0000 UTC",
            "enabled_cluster_log_types": [],
            "endpoint": "https://D76603E599ADBA780AF53B9CA9E4AF51.yl4.ap-south-1.eks.amazonaws.com",
            "id": "final-cluster",
            "identity": [
              {
                "oidc": [
                  {
                    "issuer": "https://oidc.eks.ap-south-1.amazonaws.com/id/D76603E599ADBA780AF53B9CA9E4AF51"
                  }
                ]
              }
            ],
            "kubernetes_network_config": [
              {
                "ip_family": "ipv4",
                "service_ipv4_cidr": "172.20.0.0/16",
                "service_ipv6_cidr": ""
              }
            ],
            "name": "final-cluster",
            "outpost_config": [],
            "platform_version": "eks.13",
            "role_arn": "arn:aws:iam::292603306378:role/final-eksClusterRole",
            "status": "ACTIVE",
            "tags": {
              "Project": "final"
            },
            "version": "1.25",
            "vpc_config": [
              {
                "cluster_security_group_id": "sg-03f5c632455c0eb80",
                "endpoint_private_access": true,
                "endpoint_public_access": true,
                "public_access_cidrs": [
                  "0.0.0.0/0"
                ],
                "security_group_ids": [
                  "sg-024815b5813af97c0"
                ],
                "subnet_ids": [
                  "subnet-02a37e2d1fcf171f3",
                  "subnet-060b1850928f4c55e",
                  "subnet-091f1523986e54304",
                  "subnet-098e126b5c12fe51e",
                  "subnet-0c38409ee8647437a",
                  "subnet-0f7e0ddf587dda069"
                ],
                "vpc_id": "vpc-036e62aba4dbafcae"
              }
            ]
          },
          "sensitive_attributes": []
        }
      ]
    },
    {
      "mode": "data",
      "type": "aws_eks_cluster",
      "name": "my_cluster",
      "provider": "provider[\"registry.terraform.io/hashicorp/aws\"]",
      "instances": [
        {
          "schema_version": 0,
          "attributes": {
            "access_config": [
              {
                "authentication_mode": "CONFIG_MAP"
              }
            ],
            "arn": "arn:aws:eks:ap-south-1:292603306378:cluster/final-cluster",
            "certificate_authority": [
              {
                "data": "LS0tLS1CRUdJTiBDRVJUSUZJQ0FURS0tLS0tCk1JSURCVENDQWUyZ0F3SUJBZ0lJWE5jZjlvQmFOVVl3RFFZSktvWklodmNOQVFFTEJRQXdGVEVUTUJFR0ExVUUKQXhNS2EzVmlaWEp1WlhSbGN6QWVGdzB5TkRBeU1Ea3dOalF6TkRWYUZ3MHpOREF5TURZd05qUTRORFZhTUJVeApFekFSQmdOVkJBTVRDbXQxWW1WeWJtVjBaWE13Z2dFaU1BMEdDU3FHU0liM0RRRUJBUVVBQTRJQkR3QXdnZ0VLCkFvSUJBUURTaE91Qlc2SXYrQUd0NVRickVRTDcycDR4TTJBQ3N6UXh0QUpORldNeUEyUkVnUTRHb2RKdXlZR3YKRHFoa3ZOTnFONWhleHBTS3F3SnpoRUNiZUIvZVpwU3owOFVLMFFsUmpjdjVQMnJLcnRIRXY0Um5HVmtMYk9XUgpMUU80ZVdXYWV2T0VoaCtMTjU1S05lamM4OWh0Y2prMWVWU3VlT1NJdW15Q0doM2Y1Vi9QN1U4cGJnY1RiR0R3ClBkS0ZqY1VEclE1UkdLZFJkV2JrdUkzVmUxR2YrZ21EZ1hTbmVxMVlLVFNlQmltSE52NUtHNG9Jak8yeGxKd0EKbVhtZUpFTTZCZmZ5dkl0YzJ6bURBcS9DRnZsUHN6UDdWMVloRVJoVW9RanJ0NlpvTjlwWEorTXlON0lWeWdsMgp6TTZOVE5wWmF4N2tPWDczRnpucDhPWk50d2J6QWdNQkFBR2pXVEJYTUE0R0ExVWREd0VCL3dRRUF3SUNwREFQCkJnTlZIUk1CQWY4RUJUQURBUUgvTUIwR0ExVWREZ1FXQkJUMTlIU0plRFdXdU1TVGJ6TlgwaHZqK1hKbHlUQVYKQmdOVkhSRUVEakFNZ2dwcmRXSmxjbTVsZEdWek1BMEdDU3FHU0liM0RRRUJDd1VBQTRJQkFRQy82RjJFNkZWZQovbWxQNVhWOSs4ZHVIT05FUkhISWlCZGNqcHFScWpoYXFoT0tKQzVxdk1PYnhnTWJYOURMb0lTS053TzZFSGlYCldzblo0NmF4RnFQN0lyMWNKM1M3MkczNXYrOEROQmhZQzdkSFF4OFF1bjhiZVZVVFVlQUNyLzc3d3dHTzFIcmQKM1VnSFhGalJwTUw2RW9Ud2t3RmpROVhkTXphOGgrZW5BQ0NDam1pNGFLbVBtY1pZbDNZd2Q5SjhnWjFwNkMxcwpEN2QwbHpwc0NzWTRvRHlrazhUbStTK3lWSk1hamZ2Y1Q2L1hkSzArbnhjYlBxbXJqN0pRZUtST1R5aUpMMjZECkRFZ2M2T3VCYytpemk3QWV4VmVFOTlya1Bpb3BLUk53RnVmSEJlZGk0c3BQcW41blNmRmR3ZW1vMGJyUEUzYWsKWWt4Uk1GR0R2c20yCi0tLS0tRU5EIENFUlRJRklDQVRFLS0tLS0K"
              }
            ],
            "cluster_id": null,
            "created_at": "2024-02-09 06:43:50.295 +0000 UTC",
            "enabled_cluster_log_types": [],
            "endpoint": "https://D76603E599ADBA780AF53B9CA9E4AF51.yl4.ap-south-1.eks.amazonaws.com",
            "id": "final-cluster",
            "identity": [
              {
                "oidc": [
                  {
                    "issuer": "https://oidc.eks.ap-south-1.amazonaws.com/id/D76603E599ADBA780AF53B9CA9E4AF51"
                  }
                ]
              }
            ],
            "kubernetes_network_config": [
              {
                "ip_family": "ipv4",
                "service_ipv4_cidr": "172.20.0.0/16",
                "service_ipv6_cidr": ""
              }
            ],
            "name": "final-cluster",
            "outpost_config": [],
            "platform_version": "eks.13",
            "role_arn": "arn:aws:iam::292603306378:role/final-eksClusterRole",
            "status": "ACTIVE",
            "tags": {
              "Project": "final"
            },
            "version": "1.25",
            "vpc_config": [
              {
                "cluster_security_group_id": "sg-03f5c632455c0eb80",
                "endpoint_private_access": true,
                "endpoint_public_access": true,
                "public_access_cidrs": [
                  "0.0.0.0/0"
                ],
                "security_group_ids": [
                  "sg-024815b5813af97c0"
                ],
                "subnet_ids": [
                  "subnet-02a37e2d1fcf171f3",
                  "subnet-060b1850928f4c55e",
                  "subnet-091f1523986e54304",
                  "subnet-098e126b5c12fe51e",
                  "subnet-0c38409ee8647437a",
                  "subnet-0f7e0ddf587dda069"
                ],
                "vpc_id": "vpc-036e62aba4dbafcae"
              }
            ]
          },
          "sensitive_attributes": []
        }
      ]
    },
    {
      "mode": "data",
      "type": "aws_eks_cluster_auth",
      "name": "my_cluster_auth",
      "provider": "provider[\"registry.terraform.io/hashicorp/aws\"]",
      "instances": [
        {
          "schema_version": 0,
          "attributes": {
            "id": "final-cluster",
            "name": "final-cluster",
            "token": "k8s-aws-v1.aHR0cHM6Ly9zdHMuYXAtc291dGgtMS5hbWF6b25hd3MuY29tLz9BY3Rpb249R2V0Q2FsbGVySWRlbnRpdHkmVmVyc2lvbj0yMDExLTA2LTE1JlgtQW16LUFsZ29yaXRobT1BV1M0LUhNQUMtU0hBMjU2JlgtQW16LUNyZWRlbnRpYWw9QUtJQVVJSUVFRUdGTkdCQTdPTEklMkYyMDI0MDIxMiUyRmFwLXNvdXRoLTElMkZzdHMlMkZhd3M0X3JlcXVlc3QmWC1BbXotRGF0ZT0yMDI0MDIxMlQxMDI3MzRaJlgtQW16LUV4cGlyZXM9MCZYLUFtei1TaWduZWRIZWFkZXJzPWhvc3QlM0J4LWs4cy1hd3MtaWQmWC1BbXotU2lnbmF0dXJlPTg0ZjIwZjRlYmYwMTExODgwYzUyMGM3YzY5ZGVkZDEyYTgyNzZlNmNmZmJhOTk1MTFiYjI3NTZjYjE2NDFkYjk"
          },
          "sensitive_attributes": []
        }
      ]
    },
    {
      "mode": "managed",
      "type": "helm_release",
      "name": "kps",
      "provider": "provider[\"registry.terraform.io/hashicorp/helm\"]",
      "instances": [
        {
          "schema_version": 1,
          "attributes": {
            "atomic": false,
            "chart": "./kube-prometheus-stack",
            "cleanup_on_fail": false,
            "create_namespace": true,
            "dependency_update": false,
            "description": null,
            "devel": null,
            "disable_crd_hooks": false,
            "disable_openapi_validation": false,
            "disable_webhooks": false,
            "force_update": false,
            "id": "kps",
            "keyring": null,
            "lint": false,
            "manifest": null,
            "max_history": 0,
            "metadata": [
              {
                "app_version": "v0.63.0",
                "chart": "kube-prometheus-stack",
                "name": "kps",
                "namespace": "monitoring",
                "revision": 1,
                "values": "{\"grafana\":{\"adminPassword\":\"f7qO80X8Oy7f\"}}",
                "version": "45.7.1"
              }
            ],
            "name": "kps",
            "namespace": "monitoring",
            "pass_credentials": false,
            "postrender": [],
            "recreate_pods": false,
            "render_subchart_notes": true,
            "replace": false,
            "repository": null,
            "repository_ca_file": null,
            "repository_cert_file": null,
            "repository_key_file": null,
            "repository_password": null,
            "repository_username": null,
            "reset_values": false,
            "reuse_values": false,
            "set": [
              {
                "name": "grafana.adminPassword",
                "type": "",
                "value": "f7qO80X8Oy7f"
              }
            ],
            "set_list": [],
            "set_sensitive": [],
            "skip_crds": false,
            "status": "deployed",
            "timeout": 300,
            "values": null,
            "verify": false,
            "version": "45.7.1",
            "wait": true,
            "wait_for_jobs": false
          },
          "sensitive_attributes": [],
          "private": "eyJzY2hlbWFfdmVyc2lvbiI6IjEifQ==",
          "dependencies": [
            "data.aws_eks_cluster.cluster_cert",
            "data.aws_eks_cluster.cluster_host",
            "data.aws_eks_cluster.my_cluster",
            "data.aws_eks_cluster_auth.my_cluster_auth"
          ]
        }
      ]
    }
  ],
  "check_results": null
}
